
Microsoft Visual Studio Solution File, Format Version 12.00
# Visual Studio Version 17
VisualStudioVersion = 17.10.35004.147
MinimumVisualStudioVersion = 10.0.40219.1
Project("{9A19103F-16F7-4668-BE54-9A1E7A4F7556}") = "IQToolkit", "IQToolkit\IQToolkit.csproj", "{2E72E9E3-7420-4E55-AAF4-1E6C0491DB74}"
EndProject
Project("{9A19103F-16F7-4668-BE54-9A1E7A4F7556}") = "Test.Common", "Test.Common\Test.Common.csproj", "{6C9F43F8-D330-4FBF-90CC-211D39C4D0BE}"
EndProject
Project("{9A19103F-16F7-4668-BE54-9A1E7A4F7556}") = "Test.Toolkit", "Test.Toolkit\Test.Toolkit.csproj", "{9C4032D6-2B5C-4DD0-8BF1-1DFCB268C456}"
EndProject
Project("{2150E333-8FDC-42A3-9474-1A3956D46DE8}") = "Test", "Test", "{AA7B9AF7-A076-452F-8C26-C178A4974ED0}"
EndProject
Project("{9A19103F-16F7-4668-BE54-9A1E7A4F7556}") = "Test.Access.Odbc", "Test.Access.Odbc\Test.Access.Odbc.csproj", "{A5DCA922-1C8B-4BAC-A772-358DAD6E1A83}"
EndProject
Project("{9A19103F-16F7-4668-BE54-9A1E7A4F7556}") = "IQToolkit.Data.Odbc", "IQToolkit.Data.Odbc\IQToolkit.Data.Odbc.csproj", "{C2AB6AE4-AD8E-47A6-BA59-7F91A4C809B0}"
EndProject
Project("{9A19103F-16F7-4668-BE54-9A1E7A4F7556}") = "IQToolkit.Data.OleDb", "IQToolkit.Data.OleDb\IQToolkit.Data.OleDb.csproj", "{A499FAB7-638D-48E9-944D-F177E3DE3DEB}"
EndProject
Project("{FAE04EC0-301F-11D3-BF4B-00C04F79EFBC}") = "Test.Shared", "Test.Shared\Test.Shared.csproj", "{D407613E-337F-4525-A90E-09E3EB07AEAF}"
EndProject
Global
	GlobalSection(SolutionConfigurationPlatforms) = preSolution
		Debug|Any CPU = Debug|Any CPU
		Release|Any CPU = Release|Any CPU
	EndGlobalSection
	GlobalSection(ProjectConfigurationPlatforms) = postSolution
		{2E72E9E3-7420-4E55-AAF4-1E6C0491DB74}.Debug|Any CPU.ActiveCfg = Debug|Any CPU
		{2E72E9E3-7420-4E55-AAF4-1E6C0491DB74}.Debug|Any CPU.Build.0 = Debug|Any CPU
		{2E72E9E3-7420-4E55-AAF4-1E6C0491DB74}.Release|Any CPU.ActiveCfg = Release|Any CPU
		{2E72E9E3-7420-4E55-AAF4-1E6C0491DB74}.Release|Any CPU.Build.0 = Release|Any CPU
		{6C9F43F8-D330-4FBF-90CC-211D39C4D0BE}.Debug|Any CPU.ActiveCfg = Debug|Any CPU
		{6C9F43F8-D330-4FBF-90CC-211D39C4D0BE}.Debug|Any CPU.Build.0 = Debug|Any CPU
		{6C9F43F8-D330-4FBF-90CC-211D39C4D0BE}.Release|Any CPU.ActiveCfg = Release|Any CPU
		{6C9F43F8-D330-4FBF-90CC-211D39C4D0BE}.Release|Any CPU.Build.0 = Release|Any CPU
		{9C4032D6-2B5C-4DD0-8BF1-1DFCB268C456}.Debug|Any CPU.ActiveCfg = Debug|Any CPU
		{9C4032D6-2B5C-4DD0-8BF1-1DFCB268C456}.Debug|Any CPU.Build.0 = Debug|Any CPU
		{9C4032D6-2B5C-4DD0-8BF1-1DFCB268C456}.Release|Any CPU.ActiveCfg = Release|Any CPU
		{9C4032D6-2B5C-4DD0-8BF1-1DFCB268C456}.Release|Any CPU.Build.0 = Release|Any CPU
		{A5DCA922-1C8B-4BAC-A772-358DAD6E1A83}.Debug|Any CPU.ActiveCfg = Debug|Any CPU
		{A5DCA922-1C8B-4BAC-A772-358DAD6E1A83}.Debug|Any CPU.Build.0 = Debug|Any CPU
		{A5DCA922-1C8B-4BAC-A772-358DAD6E1A83}.Release|Any CPU.ActiveCfg = Release|Any CPU
		{A5DCA922-1C8B-4BAC-A772-358DAD6E1A83}.Release|Any CPU.Build.0 = Release|Any CPU
		{C2AB6AE4-AD8E-47A6-BA59-7F91A4C809B0}.Debug|Any CPU.ActiveCfg = Debug|Any CPU
		{C2AB6AE4-AD8E-47A6-BA59-7F91A4C809B0}.Debug|Any CPU.Build.0 = Debug|Any CPU
		{C2AB6AE4-AD8E-47A6-BA59-7F91A4C809B0}.Release|Any CPU.ActiveCfg = Release|Any CPU
		{C2AB6AE4-AD8E-47A6-BA59-7F91A4C809B0}.Release|Any CPU.Build.0 = Release|Any CPU
		{A499FAB7-638D-48E9-944D-F177E3DE3DEB}.Debug|Any CPU.ActiveCfg = Debug|Any CPU
		{A499FAB7-638D-48E9-944D-F177E3DE3DEB}.Debug|Any CPU.Build.0 = Debug|Any CPU
		{A499FAB7-638D-48E9-944D-F177E3DE3DEB}.Release|Any CPU.ActiveCfg = Release|Any CPU
		{A499FAB7-638D-48E9-944D-F177E3DE3DEB}.Release|Any CPU.Build.0 = Release|Any CPU
		{D407613E-337F-4525-A90E-09E3EB07AEAF}.Debug|Any CPU.ActiveCfg = Debug|Any CPU
		{D407613E-337F-4525-A90E-09E3EB07AEAF}.Debug|Any CPU.Build.0 = Debug|Any CPU
		{D407613E-337F-4525-A90E-09E3EB07AEAF}.Release|Any CPU.ActiveCfg = Release|Any CPU
		{D407613E-337F-4525-A90E-09E3EB07AEAF}.Release|Any CPU.Build.0 = Release|Any CPU
	EndGlobalSection
	GlobalSection(SolutionProperties) = preSolution
		HideSolutionNode = FALSE
	EndGlobalSection
	GlobalSection(NestedProjects) = preSolution
		{6C9F43F8-D330-4FBF-90CC-211D39C4D0BE} = {AA7B9AF7-A076-452F-8C26-C178A4974ED0}
		{9C4032D6-2B5C-4DD0-8BF1-1DFCB268C456} = {AA7B9AF7-A076-452F-8C26-C178A4974ED0}
		{A5DCA922-1C8B-4BAC-A772-358DAD6E1A83} = {AA7B9AF7-A076-452F-8C26-C178A4974ED0}
		{D407613E-337F-4525-A90E-09E3EB07AEAF} = {AA7B9AF7-A076-452F-8C26-C178A4974ED0}
	EndGlobalSection
	GlobalSection(ExtensibilityGlobals) = postSolution
		SolutionGuid = {52D6EA05-0CC6-47AD-BB81-9D19E3266EA2}
	EndGlobalSection
EndGlobal
