
Microsoft Visual Studio Solution File, Format Version 12.00
# Visual Studio 15
VisualStudioVersion = 15.0.26730.12
MinimumVisualStudioVersion = 10.0.40219.1
Project("{FAE04EC0-301F-11D3-BF4B-00C04F79EFBC}") = "IQToolkit", "IQToolkit\IQToolkit.csproj", "{0DA62A7C-3B40-456F-A4B2-B3E19ED4080E}"
EndProject
Project("{FAE04EC0-301F-11D3-BF4B-00C04F79EFBC}") = "Test", "Test\Test.csproj", "{2ADFCEBE-90BA-4841-9F5B-7321F65A4D13}"
EndProject
Project("{FAE04EC0-301F-11D3-BF4B-00C04F79EFBC}") = "IQToolkit.Data.SqlServerCe", "IQToolkit.Data.SqlServerCe\IQToolkit.Data.SqlServerCe.csproj", "{A7C0C2B6-4680-4F61-A062-C785BD4F92A1}"
EndProject
Project("{FAE04EC0-301F-11D3-BF4B-00C04F79EFBC}") = "IQToolkit.Data.Access", "IQToolkit.Data.Access\IQToolkit.Data.Access.csproj", "{C7388C7B-4CC9-4F1D-AF36-6D4F6575AD04}"
EndProject
Project("{FAE04EC0-301F-11D3-BF4B-00C04F79EFBC}") = "IQToolkit.Data.SqlClient", "IQToolkit.Data.SqlClient\IQToolkit.Data.SqlClient.csproj", "{3F003957-1B67-440B-BAFE-C2B32886A429}"
EndProject
Project("{FAE04EC0-301F-11D3-BF4B-00C04F79EFBC}") = "IQToolkit.Data.MySqlClient", "IQToolkit.Data.MySqlClient\IQToolkit.Data.MySqlClient.csproj", "{5450EE6F-92F0-4F1F-B99F-5649A4E445FD}"
EndProject
Project("{FAE04EC0-301F-11D3-BF4B-00C04F79EFBC}") = "IQToolkit.Data.SQLite", "IQToolkit.Data.Sqlite\IQToolkit.Data.SQLite.csproj", "{E008624B-2344-420A-A514-4B2AD89906EC}"
EndProject
Project("{FAE04EC0-301F-11D3-BF4B-00C04F79EFBC}") = "IQToolkit.Data", "IQToolkit.Data\IQToolkit.Data.csproj", "{3A356510-9C25-4A94-87B9-EEB31B6A1303}"
EndProject
Project("{FAE04EC0-301F-11D3-BF4B-00C04F79EFBC}") = "Test.SQLite", "Test.SQLite\Test.SQLite.csproj", "{144539D3-A4E1-4BB4-9782-0EEA838D547D}"
	ProjectSection(ProjectDependencies) = postProject
		{3010DB9D-56B4-4328-96CA-49DBB0354743} = {3010DB9D-56B4-4328-96CA-49DBB0354743}
	EndProjectSection
EndProject
Project("{FAE04EC0-301F-11D3-BF4B-00C04F79EFBC}") = "Test.Access", "Test.Access\Test.Access.csproj", "{E0F7C8FB-C4C3-48D5-B8A3-E10EFD02C0A3}"
	ProjectSection(ProjectDependencies) = postProject
		{3010DB9D-56B4-4328-96CA-49DBB0354743} = {3010DB9D-56B4-4328-96CA-49DBB0354743}
	EndProjectSection
EndProject
Project("{FAE04EC0-301F-11D3-BF4B-00C04F79EFBC}") = "Test.SqlServerCe", "Test.SqlServerCe\Test.SqlServerCe.csproj", "{57F2F9BD-0192-4A58-9091-EE92C8809352}"
	ProjectSection(ProjectDependencies) = postProject
		{3010DB9D-56B4-4328-96CA-49DBB0354743} = {3010DB9D-56B4-4328-96CA-49DBB0354743}
	EndProjectSection
EndProject
Project("{FAE04EC0-301F-11D3-BF4B-00C04F79EFBC}") = "Test.SqlClient", "Test.SqlClient\Test.SqlClient.csproj", "{076FDFB9-EDD6-49E8-9550-F9D1C29A1F68}"
	ProjectSection(ProjectDependencies) = postProject
		{3010DB9D-56B4-4328-96CA-49DBB0354743} = {3010DB9D-56B4-4328-96CA-49DBB0354743}
	EndProjectSection
EndProject
Project("{FAE04EC0-301F-11D3-BF4B-00C04F79EFBC}") = "Test.MySqlClient", "Test.MySql\Test.MySqlClient.csproj", "{26FC2D14-F42F-4DAB-82D9-FE4739187391}"
	ProjectSection(ProjectDependencies) = postProject
		{3010DB9D-56B4-4328-96CA-49DBB0354743} = {3010DB9D-56B4-4328-96CA-49DBB0354743}
	EndProjectSection
EndProject
Project("{2150E333-8FDC-42A3-9474-1A3956D46DE8}") = "Access", "Access", "{3FA89C1C-99BE-47A4-A738-D765B96D84AD}"
EndProject
Project("{2150E333-8FDC-42A3-9474-1A3956D46DE8}") = "MySql", "MySql", "{19A15AA0-6CE5-457F-BA2A-91FE6B850853}"
EndProject
Project("{2150E333-8FDC-42A3-9474-1A3956D46DE8}") = "SqlClient", "SqlClient", "{6243F70F-0196-4D66-A47E-3B1889BB0CBB}"
EndProject
Project("{2150E333-8FDC-42A3-9474-1A3956D46DE8}") = "SQLite", "SQLite", "{E1DAF8C3-3FBC-4ED9-983C-BCC88A9C39A0}"
EndProject
Project("{2150E333-8FDC-42A3-9474-1A3956D46DE8}") = "SqlServerCe", "SqlServerCe", "{FB782D31-AA47-457F-A584-2ED7E81B148F}"
EndProject
Project("{FAE04EC0-301F-11D3-BF4B-00C04F79EFBC}") = "Test.Common", "Test.Common\Test.Common.csproj", "{3010DB9D-56B4-4328-96CA-49DBB0354743}"
EndProject
Project("{FAE04EC0-301F-11D3-BF4B-00C04F79EFBC}") = "IQToolkit.Data.Ado", "IQToolkit.Data.Ado\IQToolkit.Data.Ado.csproj", "{130854D0-8529-49E1-8E56-8E7F64DA3399}"
EndProject
Global
	GlobalSection(SolutionConfigurationPlatforms) = preSolution
		Debug|Any CPU = Debug|Any CPU
		Release|Any CPU = Release|Any CPU
	EndGlobalSection
	GlobalSection(ProjectConfigurationPlatforms) = postSolution
		{0DA62A7C-3B40-456F-A4B2-B3E19ED4080E}.Debug|Any CPU.ActiveCfg = Debug|Any CPU
		{0DA62A7C-3B40-456F-A4B2-B3E19ED4080E}.Debug|Any CPU.Build.0 = Debug|Any CPU
		{0DA62A7C-3B40-456F-A4B2-B3E19ED4080E}.Release|Any CPU.ActiveCfg = Release|Any CPU
		{0DA62A7C-3B40-456F-A4B2-B3E19ED4080E}.Release|Any CPU.Build.0 = Release|Any CPU
		{2ADFCEBE-90BA-4841-9F5B-7321F65A4D13}.Debug|Any CPU.ActiveCfg = Debug|Any CPU
		{2ADFCEBE-90BA-4841-9F5B-7321F65A4D13}.Debug|Any CPU.Build.0 = Debug|Any CPU
		{2ADFCEBE-90BA-4841-9F5B-7321F65A4D13}.Release|Any CPU.ActiveCfg = Release|Any CPU
		{2ADFCEBE-90BA-4841-9F5B-7321F65A4D13}.Release|Any CPU.Build.0 = Release|Any CPU
		{A7C0C2B6-4680-4F61-A062-C785BD4F92A1}.Debug|Any CPU.ActiveCfg = Debug|Any CPU
		{A7C0C2B6-4680-4F61-A062-C785BD4F92A1}.Debug|Any CPU.Build.0 = Debug|Any CPU
		{A7C0C2B6-4680-4F61-A062-C785BD4F92A1}.Release|Any CPU.ActiveCfg = Release|Any CPU
		{A7C0C2B6-4680-4F61-A062-C785BD4F92A1}.Release|Any CPU.Build.0 = Release|Any CPU
		{C7388C7B-4CC9-4F1D-AF36-6D4F6575AD04}.Debug|Any CPU.ActiveCfg = Debug|Any CPU
		{C7388C7B-4CC9-4F1D-AF36-6D4F6575AD04}.Debug|Any CPU.Build.0 = Debug|Any CPU
		{C7388C7B-4CC9-4F1D-AF36-6D4F6575AD04}.Release|Any CPU.ActiveCfg = Release|Any CPU
		{C7388C7B-4CC9-4F1D-AF36-6D4F6575AD04}.Release|Any CPU.Build.0 = Release|Any CPU
		{3F003957-1B67-440B-BAFE-C2B32886A429}.Debug|Any CPU.ActiveCfg = Debug|Any CPU
		{3F003957-1B67-440B-BAFE-C2B32886A429}.Debug|Any CPU.Build.0 = Debug|Any CPU
		{3F003957-1B67-440B-BAFE-C2B32886A429}.Release|Any CPU.ActiveCfg = Release|Any CPU
		{3F003957-1B67-440B-BAFE-C2B32886A429}.Release|Any CPU.Build.0 = Release|Any CPU
		{5450EE6F-92F0-4F1F-B99F-5649A4E445FD}.Debug|Any CPU.ActiveCfg = Debug|Any CPU
		{5450EE6F-92F0-4F1F-B99F-5649A4E445FD}.Debug|Any CPU.Build.0 = Debug|Any CPU
		{5450EE6F-92F0-4F1F-B99F-5649A4E445FD}.Release|Any CPU.ActiveCfg = Release|Any CPU
		{5450EE6F-92F0-4F1F-B99F-5649A4E445FD}.Release|Any CPU.Build.0 = Release|Any CPU
		{E008624B-2344-420A-A514-4B2AD89906EC}.Debug|Any CPU.ActiveCfg = Debug|Any CPU
		{E008624B-2344-420A-A514-4B2AD89906EC}.Debug|Any CPU.Build.0 = Debug|Any CPU
		{E008624B-2344-420A-A514-4B2AD89906EC}.Release|Any CPU.ActiveCfg = Release|Any CPU
		{E008624B-2344-420A-A514-4B2AD89906EC}.Release|Any CPU.Build.0 = Release|Any CPU
		{3A356510-9C25-4A94-87B9-EEB31B6A1303}.Debug|Any CPU.ActiveCfg = Debug|Any CPU
		{3A356510-9C25-4A94-87B9-EEB31B6A1303}.Debug|Any CPU.Build.0 = Debug|Any CPU
		{3A356510-9C25-4A94-87B9-EEB31B6A1303}.Release|Any CPU.ActiveCfg = Release|Any CPU
		{3A356510-9C25-4A94-87B9-EEB31B6A1303}.Release|Any CPU.Build.0 = Release|Any CPU
		{144539D3-A4E1-4BB4-9782-0EEA838D547D}.Debug|Any CPU.ActiveCfg = Debug|Any CPU
		{144539D3-A4E1-4BB4-9782-0EEA838D547D}.Debug|Any CPU.Build.0 = Debug|Any CPU
		{144539D3-A4E1-4BB4-9782-0EEA838D547D}.Release|Any CPU.ActiveCfg = Release|Any CPU
		{144539D3-A4E1-4BB4-9782-0EEA838D547D}.Release|Any CPU.Build.0 = Release|Any CPU
		{E0F7C8FB-C4C3-48D5-B8A3-E10EFD02C0A3}.Debug|Any CPU.ActiveCfg = Debug|Any CPU
		{E0F7C8FB-C4C3-48D5-B8A3-E10EFD02C0A3}.Debug|Any CPU.Build.0 = Debug|Any CPU
		{E0F7C8FB-C4C3-48D5-B8A3-E10EFD02C0A3}.Release|Any CPU.ActiveCfg = Release|Any CPU
		{E0F7C8FB-C4C3-48D5-B8A3-E10EFD02C0A3}.Release|Any CPU.Build.0 = Release|Any CPU
		{57F2F9BD-0192-4A58-9091-EE92C8809352}.Debug|Any CPU.ActiveCfg = Debug|Any CPU
		{57F2F9BD-0192-4A58-9091-EE92C8809352}.Debug|Any CPU.Build.0 = Debug|Any CPU
		{57F2F9BD-0192-4A58-9091-EE92C8809352}.Release|Any CPU.ActiveCfg = Release|Any CPU
		{57F2F9BD-0192-4A58-9091-EE92C8809352}.Release|Any CPU.Build.0 = Release|Any CPU
		{076FDFB9-EDD6-49E8-9550-F9D1C29A1F68}.Debug|Any CPU.ActiveCfg = Debug|Any CPU
		{076FDFB9-EDD6-49E8-9550-F9D1C29A1F68}.Debug|Any CPU.Build.0 = Debug|Any CPU
		{076FDFB9-EDD6-49E8-9550-F9D1C29A1F68}.Release|Any CPU.ActiveCfg = Release|Any CPU
		{076FDFB9-EDD6-49E8-9550-F9D1C29A1F68}.Release|Any CPU.Build.0 = Release|Any CPU
		{26FC2D14-F42F-4DAB-82D9-FE4739187391}.Debug|Any CPU.ActiveCfg = Debug|Any CPU
		{26FC2D14-F42F-4DAB-82D9-FE4739187391}.Debug|Any CPU.Build.0 = Debug|Any CPU
		{26FC2D14-F42F-4DAB-82D9-FE4739187391}.Release|Any CPU.ActiveCfg = Release|Any CPU
		{26FC2D14-F42F-4DAB-82D9-FE4739187391}.Release|Any CPU.Build.0 = Release|Any CPU
		{3010DB9D-56B4-4328-96CA-49DBB0354743}.Debug|Any CPU.ActiveCfg = Debug|Any CPU
		{3010DB9D-56B4-4328-96CA-49DBB0354743}.Debug|Any CPU.Build.0 = Debug|Any CPU
		{3010DB9D-56B4-4328-96CA-49DBB0354743}.Release|Any CPU.ActiveCfg = Release|Any CPU
		{3010DB9D-56B4-4328-96CA-49DBB0354743}.Release|Any CPU.Build.0 = Release|Any CPU
		{130854D0-8529-49E1-8E56-8E7F64DA3399}.Debug|Any CPU.ActiveCfg = Debug|Any CPU
		{130854D0-8529-49E1-8E56-8E7F64DA3399}.Debug|Any CPU.Build.0 = Debug|Any CPU
		{130854D0-8529-49E1-8E56-8E7F64DA3399}.Release|Any CPU.ActiveCfg = Release|Any CPU
		{130854D0-8529-49E1-8E56-8E7F64DA3399}.Release|Any CPU.Build.0 = Release|Any CPU
	EndGlobalSection
	GlobalSection(SolutionProperties) = preSolution
		HideSolutionNode = FALSE
	EndGlobalSection
	GlobalSection(NestedProjects) = preSolution
		{A7C0C2B6-4680-4F61-A062-C785BD4F92A1} = {FB782D31-AA47-457F-A584-2ED7E81B148F}
		{C7388C7B-4CC9-4F1D-AF36-6D4F6575AD04} = {3FA89C1C-99BE-47A4-A738-D765B96D84AD}
		{3F003957-1B67-440B-BAFE-C2B32886A429} = {6243F70F-0196-4D66-A47E-3B1889BB0CBB}
		{5450EE6F-92F0-4F1F-B99F-5649A4E445FD} = {19A15AA0-6CE5-457F-BA2A-91FE6B850853}
		{E008624B-2344-420A-A514-4B2AD89906EC} = {E1DAF8C3-3FBC-4ED9-983C-BCC88A9C39A0}
		{144539D3-A4E1-4BB4-9782-0EEA838D547D} = {E1DAF8C3-3FBC-4ED9-983C-BCC88A9C39A0}
		{E0F7C8FB-C4C3-48D5-B8A3-E10EFD02C0A3} = {3FA89C1C-99BE-47A4-A738-D765B96D84AD}
		{57F2F9BD-0192-4A58-9091-EE92C8809352} = {FB782D31-AA47-457F-A584-2ED7E81B148F}
		{076FDFB9-EDD6-49E8-9550-F9D1C29A1F68} = {6243F70F-0196-4D66-A47E-3B1889BB0CBB}
		{26FC2D14-F42F-4DAB-82D9-FE4739187391} = {19A15AA0-6CE5-457F-BA2A-91FE6B850853}
	EndGlobalSection
	GlobalSection(ExtensibilityGlobals) = postSolution
		SolutionGuid = {0532CF4A-F16E-4A4F-B4CA-ABE402FD7434}
	EndGlobalSection
EndGlobal
